// !$*UTF8*$!
{
	archiveVersion = 1;
	classes = {
	};
	objectVersion = 46;
	objects = {

/* Begin PBXBuildFile section */
		4725B7721A7EA7B7001B76BD /* MinionRole.m in Sources */ = {isa = PBXBuildFile; fileRef = 4725B7711A7EA7B7001B76BD /* MinionRole.m */; };
		4725B7761A7EAAFA001B76BD /* RomeoRole.m in Sources */ = {isa = PBXBuildFile; fileRef = 4725B7751A7EAAFA001B76BD /* RomeoRole.m */; };
		4725B7791A7EAB6F001B76BD /* GuardedRole.m in Sources */ = {isa = PBXBuildFile; fileRef = 4725B7781A7EAB6F001B76BD /* GuardedRole.m */; };
		47B4C0FA1A13E25900D30338 /* main.m in Sources */ = {isa = PBXBuildFile; fileRef = 47B4C0F91A13E25900D30338 /* main.m */; };
		47B4C0FD1A13E25900D30338 /* AppDelegate.m in Sources */ = {isa = PBXBuildFile; fileRef = 47B4C0FC1A13E25900D30338 /* AppDelegate.m */; };
		47B4C1001A13E25900D30338 /* SetupViewController.m in Sources */ = {isa = PBXBuildFile; fileRef = 47B4C0FF1A13E25900D30338 /* SetupViewController.m */; };
		47B4C1031A13E25900D30338 /* PlayStateViewController.m in Sources */ = {isa = PBXBuildFile; fileRef = 47B4C1021A13E25900D30338 /* PlayStateViewController.m */; };
		47B4C1061A13E25900D30338 /* Main.storyboard in Resources */ = {isa = PBXBuildFile; fileRef = 47B4C1041A13E25900D30338 /* Main.storyboard */; };
		47B4C1081A13E25900D30338 /* Images.xcassets in Resources */ = {isa = PBXBuildFile; fileRef = 47B4C1071A13E25900D30338 /* Images.xcassets */; };
		47B4C1241A13E2ED00D30338 /* Role.m in Sources */ = {isa = PBXBuildFile; fileRef = 47B4C1231A13E2ED00D30338 /* Role.m */; };
		47B4C1261A14270D00D30338 /* RoleTests.m in Sources */ = {isa = PBXBuildFile; fileRef = 47B4C1251A14270D00D30338 /* RoleTests.m */; };
		47B4C12B1A153AAC00D30338 /* Player.m in Sources */ = {isa = PBXBuildFile; fileRef = 47B4C12A1A153AAC00D30338 /* Player.m */; };
		47B4C12D1A153E2200D30338 /* PlayerTests.m in Sources */ = {isa = PBXBuildFile; fileRef = 47B4C12C1A153E2200D30338 /* PlayerTests.m */; };
		47B4C1301A154EF500D30338 /* GameState.m in Sources */ = {isa = PBXBuildFile; fileRef = 47B4C12F1A154EF500D30338 /* GameState.m */; };
		47B4C1331A15514A00D30338 /* GameStateTests.m in Sources */ = {isa = PBXBuildFile; fileRef = 47B4C1321A15514A00D30338 /* GameStateTests.m */; };
		47B4C1361A16CC0800D30338 /* Game.m in Sources */ = {isa = PBXBuildFile; fileRef = 47B4C1351A16CC0800D30338 /* Game.m */; };
		47B4C1381A16DE8700D30338 /* GameTests.m in Sources */ = {isa = PBXBuildFile; fileRef = 47B4C1371A16DE8700D30338 /* GameTests.m */; };
		47C0376B1A3766E0002DEA48 /* TabViewController.m in Sources */ = {isa = PBXBuildFile; fileRef = 47C0376A1A3766E0002DEA48 /* TabViewController.m */; };
		47EF772E1A17CA48004E6DDD /* MorningNews.m in Sources */ = {isa = PBXBuildFile; fileRef = 47EF772D1A17CA48004E6DDD /* MorningNews.m */; };
		47EF77311A17F517004E6DDD /* Ballot.m in Sources */ = {isa = PBXBuildFile; fileRef = 47EF77301A17F517004E6DDD /* Ballot.m */; };
		47EF77331A180BF0004E6DDD /* BallotTests.m in Sources */ = {isa = PBXBuildFile; fileRef = 47EF77321A180BF0004E6DDD /* BallotTests.m */; };
		47EF77361A182A00004E6DDD /* Vote.m in Sources */ = {isa = PBXBuildFile; fileRef = 47EF77351A182A00004E6DDD /* Vote.m */; };
		47FAD2071A1E8774004FB2F8 /* werewolf.jpg in Resources */ = {isa = PBXBuildFile; fileRef = 47FAD2061A1E8774004FB2F8 /* werewolf.jpg */; };
		47FAD20A1A1E87E3004FB2F8 /* SingleGame.m in Sources */ = {isa = PBXBuildFile; fileRef = 47FAD2091A1E87E3004FB2F8 /* SingleGame.m */; };
		47FD6B441A20D9E500F445D0 /* PlayViewController.m in Sources */ = {isa = PBXBuildFile; fileRef = 47FD6B431A20D9E500F445D0 /* PlayViewController.m */; };
		47FD6B4C1A20E77300F445D0 /* ClairvoyantViewController.m in Sources */ = {isa = PBXBuildFile; fileRef = 47FD6B4A1A20E77300F445D0 /* ClairvoyantViewController.m */; };
		47FD6B521A21416600F445D0 /* corrupt.png in Resources */ = {isa = PBXBuildFile; fileRef = 47FD6B511A21416600F445D0 /* corrupt.png */; };
		47FD6B541A2142DE00F445D0 /* noncorrupt.png in Resources */ = {isa = PBXBuildFile; fileRef = 47FD6B531A2142DE00F445D0 /* noncorrupt.png */; };
		47FD6B561A2209AF00F445D0 /* notInPlay.png in Resources */ = {isa = PBXBuildFile; fileRef = 47FD6B551A2209AF00F445D0 /* notInPlay.png */; };
		47FD6B591A220F8100F445D0 /* MediumViewController.m in Sources */ = {isa = PBXBuildFile; fileRef = 47FD6B581A220F8100F445D0 /* MediumViewController.m */; };
		47FD6B5C1A22189500F445D0 /* WizardViewController.m in Sources */ = {isa = PBXBuildFile; fileRef = 47FD6B5B1A22189500F445D0 /* WizardViewController.m */; };
		47FD6B5F1A221CC900F445D0 /* mystic.png in Resources */ = {isa = PBXBuildFile; fileRef = 47FD6B5D1A221CC900F445D0 /* mystic.png */; };
		47FD6B601A221CC900F445D0 /* nonmystic.png in Resources */ = {isa = PBXBuildFile; fileRef = 47FD6B5E1A221CC900F445D0 /* nonmystic.png */; };
		47FD6B631A2283FC00F445D0 /* MonkPrepViewController.m in Sources */ = {isa = PBXBuildFile; fileRef = 47FD6B621A2283FC00F445D0 /* MonkPrepViewController.m */; };
		47FD6B661A228F1F00F445D0 /* MonkViewController.m in Sources */ = {isa = PBXBuildFile; fileRef = 47FD6B651A228F1F00F445D0 /* MonkViewController.m */; };
		47FD6B691A24FFC700F445D0 /* VampireHunterViewController.m in Sources */ = {isa = PBXBuildFile; fileRef = 47FD6B681A24FFC700F445D0 /* VampireHunterViewController.m */; };
		47FD6B6C1A2502D600F445D0 /* noVampire.png in Resources */ = {isa = PBXBuildFile; fileRef = 47FD6B6A1A2502D500F445D0 /* noVampire.png */; };
		47FD6B6D1A2502D600F445D0 /* vampire.png in Resources */ = {isa = PBXBuildFile; fileRef = 47FD6B6B1A2502D600F445D0 /* vampire.png */; };
		47FD6B701A25079800F445D0 /* PriestViewController.m in Sources */ = {isa = PBXBuildFile; fileRef = 47FD6B6F1A25079800F445D0 /* PriestViewController.m */; };
		47FD6B731A2509C200F445D0 /* noSeducer.png in Resources */ = {isa = PBXBuildFile; fileRef = 47FD6B711A2509C200F445D0 /* noSeducer.png */; };
		47FD6B741A2509C200F445D0 /* seducer.png in Resources */ = {isa = PBXBuildFile; fileRef = 47FD6B721A2509C200F445D0 /* seducer.png */; };
		47FD6B771A250B3F00F445D0 /* JulietViewController.m in Sources */ = {isa = PBXBuildFile; fileRef = 47FD6B761A250B3F00F445D0 /* JulietViewController.m */; };
		47FD6B7A1A251E1C00F445D0 /* WolvesSetupViewController.m in Sources */ = {isa = PBXBuildFile; fileRef = 47FD6B791A251E1C00F445D0 /* WolvesSetupViewController.m */; };
		47FD6B7D1A25203700F445D0 /* VampirePrepViewController.m in Sources */ = {isa = PBXBuildFile; fileRef = 47FD6B7C1A25203700F445D0 /* VampirePrepViewController.m */; };
		47FD6B841A25230800F445D0 /* MorningViewController.m in Sources */ = {isa = PBXBuildFile; fileRef = 47FD6B831A25230800F445D0 /* MorningViewController.m */; };
		47FED0C11A269E470084C43C /* BallotFirstRoundViewController.m in Sources */ = {isa = PBXBuildFile; fileRef = 47FED0C01A269E470084C43C /* BallotFirstRoundViewController.m */; };
		47FED0C41A2B584B0084C43C /* BallotFirstRoundResultsViewController.m in Sources */ = {isa = PBXBuildFile; fileRef = 47FED0C31A2B584B0084C43C /* BallotFirstRoundResultsViewController.m */; };
		47FED0C71A2B76180084C43C /* BallotSecondRoundViewController.m in Sources */ = {isa = PBXBuildFile; fileRef = 47FED0C61A2B76180084C43C /* BallotSecondRoundViewController.m */; };
		47FED0CA1A2B7EA90084C43C /* BallotSecondRoundResultsViewController.m in Sources */ = {isa = PBXBuildFile; fileRef = 47FED0C91A2B7EA90084C43C /* BallotSecondRoundResultsViewController.m */; };
		47FED0CD1A2BC2B30084C43C /* WitchViewController.m in Sources */ = {isa = PBXBuildFile; fileRef = 47FED0CC1A2BC2B30084C43C /* WitchViewController.m */; };
		47FED0D01A2BC8610084C43C /* WolfAttackViewController.m in Sources */ = {isa = PBXBuildFile; fileRef = 47FED0CF1A2BC8610084C43C /* WolfAttackViewController.m */; };
		47FED0D21A2BCE230084C43C /* immune.png in Resources */ = {isa = PBXBuildFile; fileRef = 47FED0D11A2BCE230084C43C /* immune.png */; };
		47FED0D51A2C8C9C0084C43C /* VampireAttackViewController.m in Sources */ = {isa = PBXBuildFile; fileRef = 47FED0D41A2C8C9C0084C43C /* VampireAttackViewController.m */; };
		47FED0D81A2C90A80084C43C /* HealerViewController.m in Sources */ = {isa = PBXBuildFile; fileRef = 47FED0D71A2C90A80084C43C /* HealerViewController.m */; };
		47FED0DB1A2CE6240084C43C /* AngelViewController.m in Sources */ = {isa = PBXBuildFile; fileRef = 47FED0DA1A2CE6240084C43C /* AngelViewController.m */; };
		47FED0DE1A2D066A0084C43C /* WolfDoubleAttackViewController.m in Sources */ = {isa = PBXBuildFile; fileRef = 47FED0DD1A2D066A0084C43C /* WolfDoubleAttackViewController.m */; };
		47FED0E11A2D3AF20084C43C /* GameOverViewController.m in Sources */ = {isa = PBXBuildFile; fileRef = 47FED0E01A2D3AF20084C43C /* GameOverViewController.m */; };
/* End PBXBuildFile section */

/* Begin PBXContainerItemProxy section */
		47B4C1111A13E25900D30338 /* PBXContainerItemProxy */ = {
			isa = PBXContainerItemProxy;
			containerPortal = 47B4C0EC1A13E25900D30338 /* Project object */;
			proxyType = 1;
			remoteGlobalIDString = 47B4C0F31A13E25900D30338;
			remoteInfo = "Werewolf Moderator";
		};
/* End PBXContainerItemProxy section */

/* Begin PBXFileReference section */
		4725B7701A7EA7B7001B76BD /* MinionRole.h */ = {isa = PBXFileReference; fileEncoding = 4; lastKnownFileType = sourcecode.c.h; path = MinionRole.h; sourceTree = "<group>"; };
		4725B7711A7EA7B7001B76BD /* MinionRole.m */ = {isa = PBXFileReference; fileEncoding = 4; lastKnownFileType = sourcecode.c.objc; path = MinionRole.m; sourceTree = "<group>"; };
		4725B7741A7EAAFA001B76BD /* RomeoRole.h */ = {isa = PBXFileReference; fileEncoding = 4; lastKnownFileType = sourcecode.c.h; path = RomeoRole.h; sourceTree = "<group>"; };
		4725B7751A7EAAFA001B76BD /* RomeoRole.m */ = {isa = PBXFileReference; fileEncoding = 4; lastKnownFileType = sourcecode.c.objc; path = RomeoRole.m; sourceTree = "<group>"; };
		4725B7771A7EAB6F001B76BD /* GuardedRole.h */ = {isa = PBXFileReference; fileEncoding = 4; lastKnownFileType = sourcecode.c.h; path = GuardedRole.h; sourceTree = "<group>"; };
		4725B7781A7EAB6F001B76BD /* GuardedRole.m */ = {isa = PBXFileReference; fileEncoding = 4; lastKnownFileType = sourcecode.c.objc; path = GuardedRole.m; sourceTree = "<group>"; };
		47B4C0F41A13E25900D30338 /* Werewolf Moderator.app */ = {isa = PBXFileReference; explicitFileType = wrapper.application; includeInIndex = 0; path = "Werewolf Moderator.app"; sourceTree = BUILT_PRODUCTS_DIR; };
		47B4C0F81A13E25900D30338 /* Info.plist */ = {isa = PBXFileReference; lastKnownFileType = text.plist.xml; path = Info.plist; sourceTree = "<group>"; };
		47B4C0F91A13E25900D30338 /* main.m */ = {isa = PBXFileReference; lastKnownFileType = sourcecode.c.objc; path = main.m; sourceTree = "<group>"; };
		47B4C0FB1A13E25900D30338 /* AppDelegate.h */ = {isa = PBXFileReference; lastKnownFileType = sourcecode.c.h; path = AppDelegate.h; sourceTree = "<group>"; };
		47B4C0FC1A13E25900D30338 /* AppDelegate.m */ = {isa = PBXFileReference; lastKnownFileType = sourcecode.c.objc; path = AppDelegate.m; sourceTree = "<group>"; };
		47B4C0FE1A13E25900D30338 /* SetupViewController.h */ = {isa = PBXFileReference; lastKnownFileType = sourcecode.c.h; path = SetupViewController.h; sourceTree = "<group>"; };
		47B4C0FF1A13E25900D30338 /* SetupViewController.m */ = {isa = PBXFileReference; lastKnownFileType = sourcecode.c.objc; path = SetupViewController.m; sourceTree = "<group>"; };
		47B4C1011A13E25900D30338 /* PlayStateViewController.h */ = {isa = PBXFileReference; lastKnownFileType = sourcecode.c.h; path = PlayStateViewController.h; sourceTree = "<group>"; };
		47B4C1021A13E25900D30338 /* PlayStateViewController.m */ = {isa = PBXFileReference; lastKnownFileType = sourcecode.c.objc; path = PlayStateViewController.m; sourceTree = "<group>"; };
		47B4C1051A13E25900D30338 /* Base */ = {isa = PBXFileReference; lastKnownFileType = file.storyboard; name = Base; path = Base.lproj/Main.storyboard; sourceTree = "<group>"; };
		47B4C1071A13E25900D30338 /* Images.xcassets */ = {isa = PBXFileReference; lastKnownFileType = folder.assetcatalog; path = Images.xcassets; sourceTree = "<group>"; };
		47B4C1101A13E25900D30338 /* Werewolf ModeratorTests.xctest */ = {isa = PBXFileReference; explicitFileType = wrapper.cfbundle; includeInIndex = 0; path = "Werewolf ModeratorTests.xctest"; sourceTree = BUILT_PRODUCTS_DIR; };
		47B4C1151A13E25900D30338 /* Info.plist */ = {isa = PBXFileReference; lastKnownFileType = text.plist.xml; path = Info.plist; sourceTree = "<group>"; };
		47B4C1221A13E2ED00D30338 /* Role.h */ = {isa = PBXFileReference; fileEncoding = 4; lastKnownFileType = sourcecode.c.h; path = Role.h; sourceTree = "<group>"; };
		47B4C1231A13E2ED00D30338 /* Role.m */ = {isa = PBXFileReference; fileEncoding = 4; lastKnownFileType = sourcecode.c.objc; path = Role.m; sourceTree = "<group>"; };
		47B4C1251A14270D00D30338 /* RoleTests.m */ = {isa = PBXFileReference; fileEncoding = 4; lastKnownFileType = sourcecode.c.objc; path = RoleTests.m; sourceTree = "<group>"; };
		47B4C1271A15337400D30338 /* RoleType.h */ = {isa = PBXFileReference; lastKnownFileType = sourcecode.c.h; path = RoleType.h; sourceTree = "<group>"; };
		47B4C1281A1533CC00D30338 /* Faction.h */ = {isa = PBXFileReference; lastKnownFileType = sourcecode.c.h; path = Faction.h; sourceTree = "<group>"; };
		47B4C1291A153AAC00D30338 /* Player.h */ = {isa = PBXFileReference; fileEncoding = 4; lastKnownFileType = sourcecode.c.h; path = Player.h; sourceTree = "<group>"; };
		47B4C12A1A153AAC00D30338 /* Player.m */ = {isa = PBXFileReference; fileEncoding = 4; lastKnownFileType = sourcecode.c.objc; path = Player.m; sourceTree = "<group>"; };
		47B4C12C1A153E2200D30338 /* PlayerTests.m */ = {isa = PBXFileReference; fileEncoding = 4; lastKnownFileType = sourcecode.c.objc; path = PlayerTests.m; sourceTree = "<group>"; };
		47B4C12E1A154EF500D30338 /* GameState.h */ = {isa = PBXFileReference; fileEncoding = 4; lastKnownFileType = sourcecode.c.h; path = GameState.h; sourceTree = "<group>"; };
		47B4C12F1A154EF500D30338 /* GameState.m */ = {isa = PBXFileReference; fileEncoding = 4; lastKnownFileType = sourcecode.c.objc; path = GameState.m; sourceTree = "<group>"; };
		47B4C1311A154FA900D30338 /* NewsFromTheInn.h */ = {isa = PBXFileReference; lastKnownFileType = sourcecode.c.h; path = NewsFromTheInn.h; sourceTree = "<group>"; };
		47B4C1321A15514A00D30338 /* GameStateTests.m */ = {isa = PBXFileReference; fileEncoding = 4; lastKnownFileType = sourcecode.c.objc; path = GameStateTests.m; sourceTree = "<group>"; };
		47B4C1341A16CC0800D30338 /* Game.h */ = {isa = PBXFileReference; fileEncoding = 4; lastKnownFileType = sourcecode.c.h; path = Game.h; sourceTree = "<group>"; };
		47B4C1351A16CC0800D30338 /* Game.m */ = {isa = PBXFileReference; fileEncoding = 4; lastKnownFileType = sourcecode.c.objc; path = Game.m; sourceTree = "<group>"; };
		47B4C1371A16DE8700D30338 /* GameTests.m */ = {isa = PBXFileReference; fileEncoding = 4; lastKnownFileType = sourcecode.c.objc; path = GameTests.m; sourceTree = "<group>"; };
		47C037691A3766E0002DEA48 /* TabViewController.h */ = {isa = PBXFileReference; fileEncoding = 4; lastKnownFileType = sourcecode.c.h; path = TabViewController.h; sourceTree = "<group>"; };
		47C0376A1A3766E0002DEA48 /* TabViewController.m */ = {isa = PBXFileReference; fileEncoding = 4; lastKnownFileType = sourcecode.c.objc; path = TabViewController.m; sourceTree = "<group>"; };
		47C71ECE1B04CF1D005E6E33 /* AttackResult.h */ = {isa = PBXFileReference; lastKnownFileType = sourcecode.c.h; path = AttackResult.h; sourceTree = "<group>"; };
		47EF772C1A17CA48004E6DDD /* MorningNews.h */ = {isa = PBXFileReference; fileEncoding = 4; lastKnownFileType = sourcecode.c.h; path = MorningNews.h; sourceTree = "<group>"; };
		47EF772D1A17CA48004E6DDD /* MorningNews.m */ = {isa = PBXFileReference; fileEncoding = 4; lastKnownFileType = sourcecode.c.objc; path = MorningNews.m; sourceTree = "<group>"; };
		47EF772F1A17F517004E6DDD /* Ballot.h */ = {isa = PBXFileReference; fileEncoding = 4; lastKnownFileType = sourcecode.c.h; path = Ballot.h; sourceTree = "<group>"; };
		47EF77301A17F517004E6DDD /* Ballot.m */ = {isa = PBXFileReference; fileEncoding = 4; lastKnownFileType = sourcecode.c.objc; path = Ballot.m; sourceTree = "<group>"; };
		47EF77321A180BF0004E6DDD /* BallotTests.m */ = {isa = PBXFileReference; fileEncoding = 4; lastKnownFileType = sourcecode.c.objc; path = BallotTests.m; sourceTree = "<group>"; };
		47EF77341A182A00004E6DDD /* Vote.h */ = {isa = PBXFileReference; fileEncoding = 4; lastKnownFileType = sourcecode.c.h; path = Vote.h; sourceTree = "<group>"; };
		47EF77351A182A00004E6DDD /* Vote.m */ = {isa = PBXFileReference; fileEncoding = 4; lastKnownFileType = sourcecode.c.objc; path = Vote.m; sourceTree = "<group>"; };
		47FAD2061A1E8774004FB2F8 /* werewolf.jpg */ = {isa = PBXFileReference; lastKnownFileType = image.jpeg; path = werewolf.jpg; sourceTree = "<group>"; };
		47FAD2081A1E87E3004FB2F8 /* SingleGame.h */ = {isa = PBXFileReference; fileEncoding = 4; lastKnownFileType = sourcecode.c.h; path = SingleGame.h; sourceTree = "<group>"; };
		47FAD2091A1E87E3004FB2F8 /* SingleGame.m */ = {isa = PBXFileReference; fileEncoding = 4; lastKnownFileType = sourcecode.c.objc; path = SingleGame.m; sourceTree = "<group>"; };
		47FD6B421A20D9E500F445D0 /* PlayViewController.h */ = {isa = PBXFileReference; fileEncoding = 4; lastKnownFileType = sourcecode.c.h; path = PlayViewController.h; sourceTree = "<group>"; };
		47FD6B431A20D9E500F445D0 /* PlayViewController.m */ = {isa = PBXFileReference; fileEncoding = 4; lastKnownFileType = sourcecode.c.objc; path = PlayViewController.m; sourceTree = "<group>"; };
		47FD6B491A20E77300F445D0 /* ClairvoyantViewController.h */ = {isa = PBXFileReference; fileEncoding = 4; lastKnownFileType = sourcecode.c.h; path = ClairvoyantViewController.h; sourceTree = "<group>"; };
		47FD6B4A1A20E77300F445D0 /* ClairvoyantViewController.m */ = {isa = PBXFileReference; fileEncoding = 4; lastKnownFileType = sourcecode.c.objc; path = ClairvoyantViewController.m; sourceTree = "<group>"; };
		47FD6B511A21416600F445D0 /* corrupt.png */ = {isa = PBXFileReference; lastKnownFileType = image.png; path = corrupt.png; sourceTree = "<group>"; };
		47FD6B531A2142DE00F445D0 /* noncorrupt.png */ = {isa = PBXFileReference; lastKnownFileType = image.png; path = noncorrupt.png; sourceTree = "<group>"; };
		47FD6B551A2209AF00F445D0 /* notInPlay.png */ = {isa = PBXFileReference; lastKnownFileType = image.png; path = notInPlay.png; sourceTree = "<group>"; };
		47FD6B571A220F8100F445D0 /* MediumViewController.h */ = {isa = PBXFileReference; fileEncoding = 4; lastKnownFileType = sourcecode.c.h; path = MediumViewController.h; sourceTree = "<group>"; };
		47FD6B581A220F8100F445D0 /* MediumViewController.m */ = {isa = PBXFileReference; fileEncoding = 4; lastKnownFileType = sourcecode.c.objc; path = MediumViewController.m; sourceTree = "<group>"; };
		47FD6B5A1A22189500F445D0 /* WizardViewController.h */ = {isa = PBXFileReference; fileEncoding = 4; lastKnownFileType = sourcecode.c.h; path = WizardViewController.h; sourceTree = "<group>"; };
		47FD6B5B1A22189500F445D0 /* WizardViewController.m */ = {isa = PBXFileReference; fileEncoding = 4; lastKnownFileType = sourcecode.c.objc; path = WizardViewController.m; sourceTree = "<group>"; };
		47FD6B5D1A221CC900F445D0 /* mystic.png */ = {isa = PBXFileReference; lastKnownFileType = image.png; path = mystic.png; sourceTree = "<group>"; };
		47FD6B5E1A221CC900F445D0 /* nonmystic.png */ = {isa = PBXFileReference; lastKnownFileType = image.png; path = nonmystic.png; sourceTree = "<group>"; };
		47FD6B611A2283FC00F445D0 /* MonkPrepViewController.h */ = {isa = PBXFileReference; fileEncoding = 4; lastKnownFileType = sourcecode.c.h; path = MonkPrepViewController.h; sourceTree = "<group>"; };
		47FD6B621A2283FC00F445D0 /* MonkPrepViewController.m */ = {isa = PBXFileReference; fileEncoding = 4; lastKnownFileType = sourcecode.c.objc; path = MonkPrepViewController.m; sourceTree = "<group>"; };
		47FD6B641A228F1F00F445D0 /* MonkViewController.h */ = {isa = PBXFileReference; fileEncoding = 4; lastKnownFileType = sourcecode.c.h; path = MonkViewController.h; sourceTree = "<group>"; };
		47FD6B651A228F1F00F445D0 /* MonkViewController.m */ = {isa = PBXFileReference; fileEncoding = 4; lastKnownFileType = sourcecode.c.objc; path = MonkViewController.m; sourceTree = "<group>"; };
		47FD6B671A24FFC700F445D0 /* VampireHunterViewController.h */ = {isa = PBXFileReference; fileEncoding = 4; lastKnownFileType = sourcecode.c.h; path = VampireHunterViewController.h; sourceTree = "<group>"; };
		47FD6B681A24FFC700F445D0 /* VampireHunterViewController.m */ = {isa = PBXFileReference; fileEncoding = 4; lastKnownFileType = sourcecode.c.objc; path = VampireHunterViewController.m; sourceTree = "<group>"; };
		47FD6B6A1A2502D500F445D0 /* noVampire.png */ = {isa = PBXFileReference; lastKnownFileType = image.png; path = noVampire.png; sourceTree = "<group>"; };
		47FD6B6B1A2502D600F445D0 /* vampire.png */ = {isa = PBXFileReference; lastKnownFileType = image.png; path = vampire.png; sourceTree = "<group>"; };
		47FD6B6E1A25079800F445D0 /* PriestViewController.h */ = {isa = PBXFileReference; fileEncoding = 4; lastKnownFileType = sourcecode.c.h; path = PriestViewController.h; sourceTree = "<group>"; };
		47FD6B6F1A25079800F445D0 /* PriestViewController.m */ = {isa = PBXFileReference; fileEncoding = 4; lastKnownFileType = sourcecode.c.objc; path = PriestViewController.m; sourceTree = "<group>"; };
		47FD6B711A2509C200F445D0 /* noSeducer.png */ = {isa = PBXFileReference; lastKnownFileType = image.png; path = noSeducer.png; sourceTree = "<group>"; };
		47FD6B721A2509C200F445D0 /* seducer.png */ = {isa = PBXFileReference; lastKnownFileType = image.png; path = seducer.png; sourceTree = "<group>"; };
		47FD6B751A250B3F00F445D0 /* JulietViewController.h */ = {isa = PBXFileReference; fileEncoding = 4; lastKnownFileType = sourcecode.c.h; path = JulietViewController.h; sourceTree = "<group>"; };
		47FD6B761A250B3F00F445D0 /* JulietViewController.m */ = {isa = PBXFileReference; fileEncoding = 4; lastKnownFileType = sourcecode.c.objc; path = JulietViewController.m; sourceTree = "<group>"; };
		47FD6B781A251E1C00F445D0 /* WolvesSetupViewController.h */ = {isa = PBXFileReference; fileEncoding = 4; lastKnownFileType = sourcecode.c.h; path = WolvesSetupViewController.h; sourceTree = "<group>"; };
		47FD6B791A251E1C00F445D0 /* WolvesSetupViewController.m */ = {isa = PBXFileReference; fileEncoding = 4; lastKnownFileType = sourcecode.c.objc; path = WolvesSetupViewController.m; sourceTree = "<group>"; };
		47FD6B7B1A25203700F445D0 /* VampirePrepViewController.h */ = {isa = PBXFileReference; fileEncoding = 4; lastKnownFileType = sourcecode.c.h; path = VampirePrepViewController.h; sourceTree = "<group>"; };
		47FD6B7C1A25203700F445D0 /* VampirePrepViewController.m */ = {isa = PBXFileReference; fileEncoding = 4; lastKnownFileType = sourcecode.c.objc; path = VampirePrepViewController.m; sourceTree = "<group>"; };
		47FD6B821A25230800F445D0 /* MorningViewController.h */ = {isa = PBXFileReference; fileEncoding = 4; lastKnownFileType = sourcecode.c.h; path = MorningViewController.h; sourceTree = "<group>"; };
		47FD6B831A25230800F445D0 /* MorningViewController.m */ = {isa = PBXFileReference; fileEncoding = 4; lastKnownFileType = sourcecode.c.objc; path = MorningViewController.m; sourceTree = "<group>"; };
		47FED0BF1A269E470084C43C /* BallotFirstRoundViewController.h */ = {isa = PBXFileReference; fileEncoding = 4; lastKnownFileType = sourcecode.c.h; path = BallotFirstRoundViewController.h; sourceTree = "<group>"; };
		47FED0C01A269E470084C43C /* BallotFirstRoundViewController.m */ = {isa = PBXFileReference; fileEncoding = 4; lastKnownFileType = sourcecode.c.objc; path = BallotFirstRoundViewController.m; sourceTree = "<group>"; };
		47FED0C21A2B584B0084C43C /* BallotFirstRoundResultsViewController.h */ = {isa = PBXFileReference; fileEncoding = 4; lastKnownFileType = sourcecode.c.h; path = BallotFirstRoundResultsViewController.h; sourceTree = "<group>"; };
		47FED0C31A2B584B0084C43C /* BallotFirstRoundResultsViewController.m */ = {isa = PBXFileReference; fileEncoding = 4; lastKnownFileType = sourcecode.c.objc; path = BallotFirstRoundResultsViewController.m; sourceTree = "<group>"; };
		47FED0C51A2B76180084C43C /* BallotSecondRoundViewController.h */ = {isa = PBXFileReference; fileEncoding = 4; lastKnownFileType = sourcecode.c.h; path = BallotSecondRoundViewController.h; sourceTree = "<group>"; };
		47FED0C61A2B76180084C43C /* BallotSecondRoundViewController.m */ = {isa = PBXFileReference; fileEncoding = 4; lastKnownFileType = sourcecode.c.objc; path = BallotSecondRoundViewController.m; sourceTree = "<group>"; };
		47FED0C81A2B7EA90084C43C /* BallotSecondRoundResultsViewController.h */ = {isa = PBXFileReference; fileEncoding = 4; lastKnownFileType = sourcecode.c.h; path = BallotSecondRoundResultsViewController.h; sourceTree = "<group>"; };
		47FED0C91A2B7EA90084C43C /* BallotSecondRoundResultsViewController.m */ = {isa = PBXFileReference; fileEncoding = 4; lastKnownFileType = sourcecode.c.objc; path = BallotSecondRoundResultsViewController.m; sourceTree = "<group>"; };
		47FED0CB1A2BC2B30084C43C /* WitchViewController.h */ = {isa = PBXFileReference; fileEncoding = 4; lastKnownFileType = sourcecode.c.h; path = WitchViewController.h; sourceTree = "<group>"; };
		47FED0CC1A2BC2B30084C43C /* WitchViewController.m */ = {isa = PBXFileReference; fileEncoding = 4; lastKnownFileType = sourcecode.c.objc; path = WitchViewController.m; sourceTree = "<group>"; };
		47FED0CE1A2BC8610084C43C /* WolfAttackViewController.h */ = {isa = PBXFileReference; fileEncoding = 4; lastKnownFileType = sourcecode.c.h; path = WolfAttackViewController.h; sourceTree = "<group>"; };
		47FED0CF1A2BC8610084C43C /* WolfAttackViewController.m */ = {isa = PBXFileReference; fileEncoding = 4; lastKnownFileType = sourcecode.c.objc; path = WolfAttackViewController.m; sourceTree = "<group>"; };
		47FED0D11A2BCE230084C43C /* immune.png */ = {isa = PBXFileReference; lastKnownFileType = image.png; path = immune.png; sourceTree = "<group>"; };
		47FED0D31A2C8C9C0084C43C /* VampireAttackViewController.h */ = {isa = PBXFileReference; fileEncoding = 4; lastKnownFileType = sourcecode.c.h; path = VampireAttackViewController.h; sourceTree = "<group>"; };
		47FED0D41A2C8C9C0084C43C /* VampireAttackViewController.m */ = {isa = PBXFileReference; fileEncoding = 4; lastKnownFileType = sourcecode.c.objc; path = VampireAttackViewController.m; sourceTree = "<group>"; };
		47FED0D61A2C90A80084C43C /* HealerViewController.h */ = {isa = PBXFileReference; fileEncoding = 4; lastKnownFileType = sourcecode.c.h; path = HealerViewController.h; sourceTree = "<group>"; };
		47FED0D71A2C90A80084C43C /* HealerViewController.m */ = {isa = PBXFileReference; fileEncoding = 4; lastKnownFileType = sourcecode.c.objc; path = HealerViewController.m; sourceTree = "<group>"; };
		47FED0D91A2CE6240084C43C /* AngelViewController.h */ = {isa = PBXFileReference; fileEncoding = 4; lastKnownFileType = sourcecode.c.h; path = AngelViewController.h; sourceTree = "<group>"; };
		47FED0DA1A2CE6240084C43C /* AngelViewController.m */ = {isa = PBXFileReference; fileEncoding = 4; lastKnownFileType = sourcecode.c.objc; path = AngelViewController.m; sourceTree = "<group>"; };
		47FED0DC1A2D066A0084C43C /* WolfDoubleAttackViewController.h */ = {isa = PBXFileReference; fileEncoding = 4; lastKnownFileType = sourcecode.c.h; path = WolfDoubleAttackViewController.h; sourceTree = "<group>"; };
		47FED0DD1A2D066A0084C43C /* WolfDoubleAttackViewController.m */ = {isa = PBXFileReference; fileEncoding = 4; lastKnownFileType = sourcecode.c.objc; path = WolfDoubleAttackViewController.m; sourceTree = "<group>"; };
		47FED0DF1A2D3AF20084C43C /* GameOverViewController.h */ = {isa = PBXFileReference; fileEncoding = 4; lastKnownFileType = sourcecode.c.h; path = GameOverViewController.h; sourceTree = "<group>"; };
		47FED0E01A2D3AF20084C43C /* GameOverViewController.m */ = {isa = PBXFileReference; fileEncoding = 4; lastKnownFileType = sourcecode.c.objc; path = GameOverViewController.m; sourceTree = "<group>"; };
/* End PBXFileReference section */

/* Begin PBXFrameworksBuildPhase section */
		47B4C0F11A13E25900D30338 /* Frameworks */ = {
			isa = PBXFrameworksBuildPhase;
			buildActionMask = 2147483647;
			files = (
			);
			runOnlyForDeploymentPostprocessing = 0;
		};
		47B4C10D1A13E25900D30338 /* Frameworks */ = {
			isa = PBXFrameworksBuildPhase;
			buildActionMask = 2147483647;
			files = (
			);
			runOnlyForDeploymentPostprocessing = 0;
		};
/* End PBXFrameworksBuildPhase section */

/* Begin PBXGroup section */
		4725B7731A7EAA1F001B76BD /* Roles */ = {
			isa = PBXGroup;
			children = (
				4725B7701A7EA7B7001B76BD /* MinionRole.h */,
				4725B7711A7EA7B7001B76BD /* MinionRole.m */,
				47B4C1281A1533CC00D30338 /* Faction.h */,
				47B4C1221A13E2ED00D30338 /* Role.h */,
				47B4C1231A13E2ED00D30338 /* Role.m */,
				47B4C1271A15337400D30338 /* RoleType.h */,
				4725B7741A7EAAFA001B76BD /* RomeoRole.h */,
				4725B7751A7EAAFA001B76BD /* RomeoRole.m */,
				4725B7771A7EAB6F001B76BD /* GuardedRole.h */,
				4725B7781A7EAB6F001B76BD /* GuardedRole.m */,
			);
			name = Roles;
			sourceTree = "<group>";
		};
		47B4C0EB1A13E25900D30338 = {
			isa = PBXGroup;
			children = (
				47B4C0F61A13E25900D30338 /* Werewolf Moderator */,
				47B4C1131A13E25900D30338 /* Werewolf ModeratorTests */,
				47B4C0F51A13E25900D30338 /* Products */,
			);
			sourceTree = "<group>";
		};
		47B4C0F51A13E25900D30338 /* Products */ = {
			isa = PBXGroup;
			children = (
				47B4C0F41A13E25900D30338 /* Werewolf Moderator.app */,
				47B4C1101A13E25900D30338 /* Werewolf ModeratorTests.xctest */,
			);
			name = Products;
			sourceTree = "<group>";
		};
		47B4C0F61A13E25900D30338 /* Werewolf Moderator */ = {
			isa = PBXGroup;
			children = (
				47FD6B451A20E6F000F445D0 /* PlayControllers */,
				47FAD2051A1E872B004FB2F8 /* img */,
				47B4C1201A13E26A00D30338 /* Models */,
				47B4C0FB1A13E25900D30338 /* AppDelegate.h */,
				47B4C0FC1A13E25900D30338 /* AppDelegate.m */,
				47B4C0FE1A13E25900D30338 /* SetupViewController.h */,
				47B4C0FF1A13E25900D30338 /* SetupViewController.m */,
				47B4C1011A13E25900D30338 /* PlayStateViewController.h */,
				47B4C1021A13E25900D30338 /* PlayStateViewController.m */,
				47B4C1041A13E25900D30338 /* Main.storyboard */,
				47B4C1071A13E25900D30338 /* Images.xcassets */,
				47B4C0F71A13E25900D30338 /* Supporting Files */,
				47FAD2081A1E87E3004FB2F8 /* SingleGame.h */,
				47FAD2091A1E87E3004FB2F8 /* SingleGame.m */,
				47FD6B421A20D9E500F445D0 /* PlayViewController.h */,
				47FD6B431A20D9E500F445D0 /* PlayViewController.m */,
				47C037691A3766E0002DEA48 /* TabViewController.h */,
				47C0376A1A3766E0002DEA48 /* TabViewController.m */,
			);
			path = "Werewolf Moderator";
			sourceTree = "<group>";
		};
		47B4C0F71A13E25900D30338 /* Supporting Files */ = {
			isa = PBXGroup;
			children = (
				47B4C0F81A13E25900D30338 /* Info.plist */,
				47B4C0F91A13E25900D30338 /* main.m */,
			);
			name = "Supporting Files";
			sourceTree = "<group>";
		};
		47B4C1131A13E25900D30338 /* Werewolf ModeratorTests */ = {
			isa = PBXGroup;
			children = (
				47B4C1141A13E25900D30338 /* Supporting Files */,
				47B4C1251A14270D00D30338 /* RoleTests.m */,
				47B4C12C1A153E2200D30338 /* PlayerTests.m */,
				47B4C1321A15514A00D30338 /* GameStateTests.m */,
				47B4C1371A16DE8700D30338 /* GameTests.m */,
				47EF77321A180BF0004E6DDD /* BallotTests.m */,
			);
			path = "Werewolf ModeratorTests";
			sourceTree = "<group>";
		};
		47B4C1141A13E25900D30338 /* Supporting Files */ = {
			isa = PBXGroup;
			children = (
				47B4C1151A13E25900D30338 /* Info.plist */,
			);
			name = "Supporting Files";
			sourceTree = "<group>";
		};
		47B4C1201A13E26A00D30338 /* Models */ = {
			isa = PBXGroup;
			children = (
				4725B7731A7EAA1F001B76BD /* Roles */,
				47B4C1291A153AAC00D30338 /* Player.h */,
				47B4C12A1A153AAC00D30338 /* Player.m */,
				47B4C12E1A154EF500D30338 /* GameState.h */,
				47B4C12F1A154EF500D30338 /* GameState.m */,
				47B4C1311A154FA900D30338 /* NewsFromTheInn.h */,
				47B4C1341A16CC0800D30338 /* Game.h */,
				47B4C1351A16CC0800D30338 /* Game.m */,
				47EF772C1A17CA48004E6DDD /* MorningNews.h */,
				47EF772D1A17CA48004E6DDD /* MorningNews.m */,
				47EF772F1A17F517004E6DDD /* Ballot.h */,
				47EF77301A17F517004E6DDD /* Ballot.m */,
				47EF77341A182A00004E6DDD /* Vote.h */,
				47EF77351A182A00004E6DDD /* Vote.m */,
				47C71ECE1B04CF1D005E6E33 /* AttackResult.h */,
			);
			path = Models;
			sourceTree = "<group>";
		};
		47FAD2051A1E872B004FB2F8 /* img */ = {
			isa = PBXGroup;
			children = (
				47FED0D11A2BCE230084C43C /* immune.png */,
				47FD6B711A2509C200F445D0 /* noSeducer.png */,
				47FD6B721A2509C200F445D0 /* seducer.png */,
				47FD6B6A1A2502D500F445D0 /* noVampire.png */,
				47FD6B6B1A2502D600F445D0 /* vampire.png */,
				47FD6B5D1A221CC900F445D0 /* mystic.png */,
				47FD6B5E1A221CC900F445D0 /* nonmystic.png */,
				47FD6B551A2209AF00F445D0 /* notInPlay.png */,
				47FD6B511A21416600F445D0 /* corrupt.png */,
				47FAD2061A1E8774004FB2F8 /* werewolf.jpg */,
				47FD6B531A2142DE00F445D0 /* noncorrupt.png */,
			);
			name = img;
			path = ../img;
			sourceTree = "<group>";
		};
		47FD6B451A20E6F000F445D0 /* PlayControllers */ = {
			isa = PBXGroup;
			children = (
				47FD6B811A25218F00F445D0 /* Ballot */,
				47FD6B801A25218700F445D0 /* Shadow Attacks */,
				47FD6B7F1A25216B00F445D0 /* Mystics */,
				47FD6B7E1A25215600F445D0 /* First Night only */,
				47FD6B821A25230800F445D0 /* MorningViewController.h */,
				47FD6B831A25230800F445D0 /* MorningViewController.m */,
				47FED0DF1A2D3AF20084C43C /* GameOverViewController.h */,
				47FED0E01A2D3AF20084C43C /* GameOverViewController.m */,
			);
			path = PlayControllers;
			sourceTree = "<group>";
		};
		47FD6B7E1A25215600F445D0 /* First Night only */ = {
			isa = PBXGroup;
			children = (
				47FD6B611A2283FC00F445D0 /* MonkPrepViewController.h */,
				47FD6B621A2283FC00F445D0 /* MonkPrepViewController.m */,
				47FD6B641A228F1F00F445D0 /* MonkViewController.h */,
				47FD6B651A228F1F00F445D0 /* MonkViewController.m */,
				47FD6B671A24FFC700F445D0 /* VampireHunterViewController.h */,
				47FD6B681A24FFC700F445D0 /* VampireHunterViewController.m */,
				47FD6B6E1A25079800F445D0 /* PriestViewController.h */,
				47FD6B6F1A25079800F445D0 /* PriestViewController.m */,
				47FD6B751A250B3F00F445D0 /* JulietViewController.h */,
				47FD6B761A250B3F00F445D0 /* JulietViewController.m */,
				47FD6B781A251E1C00F445D0 /* WolvesSetupViewController.h */,
				47FD6B791A251E1C00F445D0 /* WolvesSetupViewController.m */,
				47FD6B7B1A25203700F445D0 /* VampirePrepViewController.h */,
				47FD6B7C1A25203700F445D0 /* VampirePrepViewController.m */,
				47FED0D91A2CE6240084C43C /* AngelViewController.h */,
				47FED0DA1A2CE6240084C43C /* AngelViewController.m */,
			);
			name = "First Night only";
			path = "First Night Only";
			sourceTree = "<group>";
		};
		47FD6B7F1A25216B00F445D0 /* Mystics */ = {
			isa = PBXGroup;
			children = (
				47FD6B491A20E77300F445D0 /* ClairvoyantViewController.h */,
				47FD6B4A1A20E77300F445D0 /* ClairvoyantViewController.m */,
				47FD6B571A220F8100F445D0 /* MediumViewController.h */,
				47FD6B581A220F8100F445D0 /* MediumViewController.m */,
				47FD6B5A1A22189500F445D0 /* WizardViewController.h */,
				47FD6B5B1A22189500F445D0 /* WizardViewController.m */,
				47FED0CB1A2BC2B30084C43C /* WitchViewController.h */,
				47FED0CC1A2BC2B30084C43C /* WitchViewController.m */,
				47FED0D61A2C90A80084C43C /* HealerViewController.h */,
				47FED0D71A2C90A80084C43C /* HealerViewController.m */,
			);
			path = Mystics;
			sourceTree = "<group>";
		};
		47FD6B801A25218700F445D0 /* Shadow Attacks */ = {
			isa = PBXGroup;
			children = (
				47FED0CE1A2BC8610084C43C /* WolfAttackViewController.h */,
				47FED0CF1A2BC8610084C43C /* WolfAttackViewController.m */,
				47FED0D31A2C8C9C0084C43C /* VampireAttackViewController.h */,
				47FED0D41A2C8C9C0084C43C /* VampireAttackViewController.m */,
				47FED0DC1A2D066A0084C43C /* WolfDoubleAttackViewController.h */,
				47FED0DD1A2D066A0084C43C /* WolfDoubleAttackViewController.m */,
			);
			path = "Shadow Attacks";
			sourceTree = "<group>";
		};
		47FD6B811A25218F00F445D0 /* Ballot */ = {
			isa = PBXGroup;
			children = (
				47FED0BF1A269E470084C43C /* BallotFirstRoundViewController.h */,
				47FED0C01A269E470084C43C /* BallotFirstRoundViewController.m */,
				47FED0C21A2B584B0084C43C /* BallotFirstRoundResultsViewController.h */,
				47FED0C31A2B584B0084C43C /* BallotFirstRoundResultsViewController.m */,
				47FED0C51A2B76180084C43C /* BallotSecondRoundViewController.h */,
				47FED0C61A2B76180084C43C /* BallotSecondRoundViewController.m */,
				47FED0C81A2B7EA90084C43C /* BallotSecondRoundResultsViewController.h */,
				47FED0C91A2B7EA90084C43C /* BallotSecondRoundResultsViewController.m */,
			);
			path = Ballot;
			sourceTree = "<group>";
		};
/* End PBXGroup section */

/* Begin PBXNativeTarget section */
		47B4C0F31A13E25900D30338 /* Werewolf Moderator */ = {
			isa = PBXNativeTarget;
			buildConfigurationList = 47B4C11A1A13E25900D30338 /* Build configuration list for PBXNativeTarget "Werewolf Moderator" */;
			buildPhases = (
				47B4C0F01A13E25900D30338 /* Sources */,
				47B4C0F11A13E25900D30338 /* Frameworks */,
				47B4C0F21A13E25900D30338 /* Resources */,
			);
			buildRules = (
			);
			dependencies = (
			);
			name = "Werewolf Moderator";
			productName = "Werewolf Moderator";
			productReference = 47B4C0F41A13E25900D30338 /* Werewolf Moderator.app */;
			productType = "com.apple.product-type.application";
		};
		47B4C10F1A13E25900D30338 /* Werewolf ModeratorTests */ = {
			isa = PBXNativeTarget;
			buildConfigurationList = 47B4C11D1A13E25900D30338 /* Build configuration list for PBXNativeTarget "Werewolf ModeratorTests" */;
			buildPhases = (
				47B4C10C1A13E25900D30338 /* Sources */,
				47B4C10D1A13E25900D30338 /* Frameworks */,
				47B4C10E1A13E25900D30338 /* Resources */,
			);
			buildRules = (
			);
			dependencies = (
				47B4C1121A13E25900D30338 /* PBXTargetDependency */,
			);
			name = "Werewolf ModeratorTests";
			productName = "Werewolf ModeratorTests";
			productReference = 47B4C1101A13E25900D30338 /* Werewolf ModeratorTests.xctest */;
			productType = "com.apple.product-type.bundle.unit-test";
		};
/* End PBXNativeTarget section */

/* Begin PBXProject section */
		47B4C0EC1A13E25900D30338 /* Project object */ = {
			isa = PBXProject;
			attributes = {
				LastUpgradeCheck = 0610;
				ORGANIZATIONNAME = TKGames;
				TargetAttributes = {
					47B4C0F31A13E25900D30338 = {
						CreatedOnToolsVersion = 6.1;
						DevelopmentTeam = PXMNWN79YN;
					};
					47B4C10F1A13E25900D30338 = {
						CreatedOnToolsVersion = 6.1;
						TestTargetID = 47B4C0F31A13E25900D30338;
					};
				};
			};
			buildConfigurationList = 47B4C0EF1A13E25900D30338 /* Build configuration list for PBXProject "Werewolf Moderator" */;
			compatibilityVersion = "Xcode 3.2";
			developmentRegion = English;
			hasScannedForEncodings = 0;
			knownRegions = (
				en,
				Base,
			);
			mainGroup = 47B4C0EB1A13E25900D30338;
			productRefGroup = 47B4C0F51A13E25900D30338 /* Products */;
			projectDirPath = "";
			projectRoot = "";
			targets = (
				47B4C0F31A13E25900D30338 /* Werewolf Moderator */,
				47B4C10F1A13E25900D30338 /* Werewolf ModeratorTests */,
			);
		};
/* End PBXProject section */

/* Begin PBXResourcesBuildPhase section */
		47B4C0F21A13E25900D30338 /* Resources */ = {
			isa = PBXResourcesBuildPhase;
			buildActionMask = 2147483647;
			files = (
				47FD6B731A2509C200F445D0 /* noSeducer.png in Resources */,
				47B4C1061A13E25900D30338 /* Main.storyboard in Resources */,
				47FD6B6D1A2502D600F445D0 /* vampire.png in Resources */,
				47FD6B741A2509C200F445D0 /* seducer.png in Resources */,
				47FD6B601A221CC900F445D0 /* nonmystic.png in Resources */,
				47FD6B521A21416600F445D0 /* corrupt.png in Resources */,
				47FAD2071A1E8774004FB2F8 /* werewolf.jpg in Resources */,
				47B4C1081A13E25900D30338 /* Images.xcassets in Resources */,
				47FD6B561A2209AF00F445D0 /* notInPlay.png in Resources */,
				47FED0D21A2BCE230084C43C /* immune.png in Resources */,
				47FD6B6C1A2502D600F445D0 /* noVampire.png in Resources */,
				47FD6B5F1A221CC900F445D0 /* mystic.png in Resources */,
				47FD6B541A2142DE00F445D0 /* noncorrupt.png in Resources */,
			);
			runOnlyForDeploymentPostprocessing = 0;
		};
		47B4C10E1A13E25900D30338 /* Resources */ = {
			isa = PBXResourcesBuildPhase;
			buildActionMask = 2147483647;
			files = (
			);
			runOnlyForDeploymentPostprocessing = 0;
		};
/* End PBXResourcesBuildPhase section */

/* Begin PBXSourcesBuildPhase section */
		47B4C0F01A13E25900D30338 /* Sources */ = {
			isa = PBXSourcesBuildPhase;
			buildActionMask = 2147483647;
			files = (
				47FED0CD1A2BC2B30084C43C /* WitchViewController.m in Sources */,
				47FED0D81A2C90A80084C43C /* HealerViewController.m in Sources */,
				47FED0DB1A2CE6240084C43C /* AngelViewController.m in Sources */,
				47FD6B771A250B3F00F445D0 /* JulietViewController.m in Sources */,
				47FED0D51A2C8C9C0084C43C /* VampireAttackViewController.m in Sources */,
				47B4C1241A13E2ED00D30338 /* Role.m in Sources */,
				4725B7721A7EA7B7001B76BD /* MinionRole.m in Sources */,
				47FD6B5C1A22189500F445D0 /* WizardViewController.m in Sources */,
				47FD6B4C1A20E77300F445D0 /* ClairvoyantViewController.m in Sources */,
				47FD6B661A228F1F00F445D0 /* MonkViewController.m in Sources */,
				47EF772E1A17CA48004E6DDD /* MorningNews.m in Sources */,
				47FED0CA1A2B7EA90084C43C /* BallotSecondRoundResultsViewController.m in Sources */,
				47FD6B7A1A251E1C00F445D0 /* WolvesSetupViewController.m in Sources */,
				47C0376B1A3766E0002DEA48 /* TabViewController.m in Sources */,
				47FD6B631A2283FC00F445D0 /* MonkPrepViewController.m in Sources */,
				47FD6B591A220F8100F445D0 /* MediumViewController.m in Sources */,
				47FED0DE1A2D066A0084C43C /* WolfDoubleAttackViewController.m in Sources */,
				47FD6B441A20D9E500F445D0 /* PlayViewController.m in Sources */,
				47EF77361A182A00004E6DDD /* Vote.m in Sources */,
				47FD6B841A25230800F445D0 /* MorningViewController.m in Sources */,
				47FED0E11A2D3AF20084C43C /* GameOverViewController.m in Sources */,
				47FED0D01A2BC8610084C43C /* WolfAttackViewController.m in Sources */,
				4725B7761A7EAAFA001B76BD /* RomeoRole.m in Sources */,
				47B4C1031A13E25900D30338 /* PlayStateViewController.m in Sources */,
				47FED0C71A2B76180084C43C /* BallotSecondRoundViewController.m in Sources */,
				47FD6B691A24FFC700F445D0 /* VampireHunterViewController.m in Sources */,
				47B4C0FD1A13E25900D30338 /* AppDelegate.m in Sources */,
				47B4C1361A16CC0800D30338 /* Game.m in Sources */,
				47FED0C11A269E470084C43C /* BallotFirstRoundViewController.m in Sources */,
				47FD6B7D1A25203700F445D0 /* VampirePrepViewController.m in Sources */,
				47EF77311A17F517004E6DDD /* Ballot.m in Sources */,
				47B4C1001A13E25900D30338 /* SetupViewController.m in Sources */,
				47B4C12B1A153AAC00D30338 /* Player.m in Sources */,
				47FAD20A1A1E87E3004FB2F8 /* SingleGame.m in Sources */,
				47B4C0FA1A13E25900D30338 /* main.m in Sources */,
				47FED0C41A2B584B0084C43C /* BallotFirstRoundResultsViewController.m in Sources */,
				47B4C1301A154EF500D30338 /* GameState.m in Sources */,
				47FD6B701A25079800F445D0 /* PriestViewController.m in Sources */,
				4725B7791A7EAB6F001B76BD /* GuardedRole.m in Sources */,
			);
			runOnlyForDeploymentPostprocessing = 0;
		};
		47B4C10C1A13E25900D30338 /* Sources */ = {
			isa = PBXSourcesBuildPhase;
			buildActionMask = 2147483647;
			files = (
				47B4C12D1A153E2200D30338 /* PlayerTests.m in Sources */,
				47EF77331A180BF0004E6DDD /* BallotTests.m in Sources */,
				47B4C1261A14270D00D30338 /* RoleTests.m in Sources */,
				47B4C1331A15514A00D30338 /* GameStateTests.m in Sources */,
				47B4C1381A16DE8700D30338 /* GameTests.m in Sources */,
			);
			runOnlyForDeploymentPostprocessing = 0;
		};
/* End PBXSourcesBuildPhase section */

/* Begin PBXTargetDependency section */
		47B4C1121A13E25900D30338 /* PBXTargetDependency */ = {
			isa = PBXTargetDependency;
			target = 47B4C0F31A13E25900D30338 /* Werewolf Moderator */;
			targetProxy = 47B4C1111A13E25900D30338 /* PBXContainerItemProxy */;
		};
/* End PBXTargetDependency section */

/* Begin PBXVariantGroup section */
		47B4C1041A13E25900D30338 /* Main.storyboard */ = {
			isa = PBXVariantGroup;
			children = (
				47B4C1051A13E25900D30338 /* Base */,
			);
			name = Main.storyboard;
			sourceTree = "<group>";
		};
/* End PBXVariantGroup section */

/* Begin XCBuildConfiguration section */
		47B4C1181A13E25900D30338 /* Debug */ = {
			isa = XCBuildConfiguration;
			buildSettings = {
				ALWAYS_SEARCH_USER_PATHS = NO;
				CLANG_CXX_LANGUAGE_STANDARD = "gnu++0x";
				CLANG_CXX_LIBRARY = "libc++";
				CLANG_ENABLE_MODULES = YES;
				CLANG_ENABLE_OBJC_ARC = YES;
				CLANG_WARN_BOOL_CONVERSION = YES;
				CLANG_WARN_CONSTANT_CONVERSION = YES;
				CLANG_WARN_DIRECT_OBJC_ISA_USAGE = YES_ERROR;
				CLANG_WARN_EMPTY_BODY = YES;
				CLANG_WARN_ENUM_CONVERSION = YES;
				CLANG_WARN_INT_CONVERSION = YES;
				CLANG_WARN_OBJC_ROOT_CLASS = YES_ERROR;
				CLANG_WARN_UNREACHABLE_CODE = YES;
				CLANG_WARN__DUPLICATE_METHOD_MATCH = YES;
				"CODE_SIGN_IDENTITY[sdk=iphoneos*]" = "iPhone Developer";
				COPY_PHASE_STRIP = NO;
				ENABLE_STRICT_OBJC_MSGSEND = YES;
				GCC_C_LANGUAGE_STANDARD = gnu99;
				GCC_DYNAMIC_NO_PIC = NO;
				GCC_OPTIMIZATION_LEVEL = 0;
				GCC_PREPROCESSOR_DEFINITIONS = (
					"DEBUG=1",
					"$(inherited)",
				);
				GCC_SYMBOLS_PRIVATE_EXTERN = NO;
				GCC_WARN_64_TO_32_BIT_CONVERSION = YES;
				GCC_WARN_ABOUT_RETURN_TYPE = YES_ERROR;
				GCC_WARN_UNDECLARED_SELECTOR = YES;
				GCC_WARN_UNINITIALIZED_AUTOS = YES_AGGRESSIVE;
				GCC_WARN_UNUSED_FUNCTION = YES;
				GCC_WARN_UNUSED_VARIABLE = YES;
				IPHONEOS_DEPLOYMENT_TARGET = 8.1;
				MTL_ENABLE_DEBUG_INFO = YES;
				ONLY_ACTIVE_ARCH = YES;
				SDKROOT = iphoneos;
				TARGETED_DEVICE_FAMILY = "1,2";
			};
			name = Debug;
		};
		47B4C1191A13E25900D30338 /* Release */ = {
			isa = XCBuildConfiguration;
			buildSettings = {
				ALWAYS_SEARCH_USER_PATHS = NO;
				CLANG_CXX_LANGUAGE_STANDARD = "gnu++0x";
				CLANG_CXX_LIBRARY = "libc++";
				CLANG_ENABLE_MODULES = YES;
				CLANG_ENABLE_OBJC_ARC = YES;
				CLANG_WARN_BOOL_CONVERSION = YES;
				CLANG_WARN_CONSTANT_CONVERSION = YES;
				CLANG_WARN_DIRECT_OBJC_ISA_USAGE = YES_ERROR;
				CLANG_WARN_EMPTY_BODY = YES;
				CLANG_WARN_ENUM_CONVERSION = YES;
				CLANG_WARN_INT_CONVERSION = YES;
				CLANG_WARN_OBJC_ROOT_CLASS = YES_ERROR;
				CLANG_WARN_UNREACHABLE_CODE = YES;
				CLANG_WARN__DUPLICATE_METHOD_MATCH = YES;
				"CODE_SIGN_IDENTITY[sdk=iphoneos*]" = "iPhone Developer";
				COPY_PHASE_STRIP = YES;
				ENABLE_NS_ASSERTIONS = NO;
				ENABLE_STRICT_OBJC_MSGSEND = YES;
				GCC_C_LANGUAGE_STANDARD = gnu99;
				GCC_WARN_64_TO_32_BIT_CONVERSION = YES;
				GCC_WARN_ABOUT_RETURN_TYPE = YES_ERROR;
				GCC_WARN_UNDECLARED_SELECTOR = YES;
				GCC_WARN_UNINITIALIZED_AUTOS = YES_AGGRESSIVE;
				GCC_WARN_UNUSED_FUNCTION = YES;
				GCC_WARN_UNUSED_VARIABLE = YES;
				IPHONEOS_DEPLOYMENT_TARGET = 8.1;
				MTL_ENABLE_DEBUG_INFO = NO;
				SDKROOT = iphoneos;
				TARGETED_DEVICE_FAMILY = "1,2";
				VALIDATE_PRODUCT = YES;
			};
			name = Release;
		};
		47B4C11B1A13E25900D30338 /* Debug */ = {
			isa = XCBuildConfiguration;
			buildSettings = {
				ASSETCATALOG_COMPILER_APPICON_NAME = AppIcon;
				ASSETCATALOG_COMPILER_LAUNCHIMAGE_NAME = LaunchImage;
				CODE_SIGN_IDENTITY = "iPhone Developer";
				INFOPLIST_FILE = "Werewolf Moderator/Info.plist";
				LD_RUNPATH_SEARCH_PATHS = "$(inherited) @executable_path/Frameworks";
				PRODUCT_NAME = "$(TARGET_NAME)";
				PROVISIONING_PROFILE = "72d3b7d5-a046-4e9a-91eb-f2a1a459403d";
				STRIP_STYLE = "non-global";
				TARGETED_DEVICE_FAMILY = 1;
			};
			name = Debug;
		};
		47B4C11C1A13E25900D30338 /* Release */ = {
			isa = XCBuildConfiguration;
			buildSettings = {
				ASSETCATALOG_COMPILER_APPICON_NAME = AppIcon;
				ASSETCATALOG_COMPILER_LAUNCHIMAGE_NAME = LaunchImage;
				CODE_SIGN_IDENTITY = "iPhone Distribution";
				INFOPLIST_FILE = "Werewolf Moderator/Info.plist";
				LD_RUNPATH_SEARCH_PATHS = "$(inherited) @executable_path/Frameworks";
				PRODUCT_NAME = "$(TARGET_NAME)";
				PROVISIONING_PROFILE = "72d3b7d5-a046-4e9a-91eb-f2a1a459403d";
				STRIP_STYLE = "non-global";
				TARGETED_DEVICE_FAMILY = 1;
			};
			name = Release;
		};
		47B4C11E1A13E25900D30338 /* Debug */ = {
			isa = XCBuildConfiguration;
			buildSettings = {
				BUNDLE_LOADER = "$(TEST_HOST)";
				FRAMEWORK_SEARCH_PATHS = (
					"$(SDKROOT)/Developer/Library/Frameworks",
					"$(inherited)",
				);
				GCC_PREPROCESSOR_DEFINITIONS = (
					"DEBUG=1",
					"$(inherited)",
				);
				HEADER_SEARCH_PATHS = (
					"$(inherited)",
					/Applications/Xcode.app/Contents/Developer/Toolchains/XcodeDefault.xctoolchain/usr/include,
					"$(SRCROOT)/../3rdParty/**",
				);
				INFOPLIST_FILE = "Werewolf ModeratorTests/Info.plist";
				LD_RUNPATH_SEARCH_PATHS = "$(inherited) @executable_path/Frameworks @loader_path/Frameworks";
				LIBRARY_SEARCH_PATHS = "$(SRCROOT)/../3rdParty/**";
				OTHER_LDFLAGS = (
					"$(inherited)",
					"-framework",
					XCTest,
					"-force_load",
					"\"$(SRCROOT)/../3rdParty/OCMock/libOCMock.a\"",
					"-ObjC",
				);
				PRODUCT_NAME = "$(TARGET_NAME)";
				TEST_HOST = "$(BUILT_PRODUCTS_DIR)/Werewolf Moderator.app/Werewolf Moderator";
			};
			name = Debug;
		};
		47B4C11F1A13E25900D30338 /* Release */ = {
			isa = XCBuildConfiguration;
			buildSettings = {
				BUNDLE_LOADER = "$(TEST_HOST)";
				FRAMEWORK_SEARCH_PATHS = (
					"$(SDKROOT)/Developer/Library/Frameworks",
					"$(inherited)",
				);
				HEADER_SEARCH_PATHS = (
					"$(inherited)",
					/Applications/Xcode.app/Contents/Developer/Toolchains/XcodeDefault.xctoolchain/usr/include,
					"$(SRCROOT)/../3rdParty/**",
				);
				INFOPLIST_FILE = "Werewolf ModeratorTests/Info.plist";
				LD_RUNPATH_SEARCH_PATHS = "$(inherited) @executable_path/Frameworks @loader_path/Frameworks";
				LIBRARY_SEARCH_PATHS = "$(SRCROOT)/../3rdParty/**";
				OTHER_LDFLAGS = (
					"$(inherited)",
					"-framework",
					XCTest,
					"-force_load",
					"\"$(SRCROOT)/../3rdParty/OCMock/libOCMock.a\"",
					"-ObjC",
				);
				PRODUCT_NAME = "$(TARGET_NAME)";
				TEST_HOST = "$(BUILT_PRODUCTS_DIR)/Werewolf Moderator.app/Werewolf Moderator";
			};
			name = Release;
		};
/* End XCBuildConfiguration section */

/* Begin XCConfigurationList section */
		47B4C0EF1A13E25900D30338 /* Build configuration list for PBXProject "Werewolf Moderator" */ = {
			isa = XCConfigurationList;
			buildConfigurations = (
				47B4C1181A13E25900D30338 /* Debug */,
				47B4C1191A13E25900D30338 /* Release */,
			);
			defaultConfigurationIsVisible = 0;
			defaultConfigurationName = Release;
		};
		47B4C11A1A13E25900D30338 /* Build configuration list for PBXNativeTarget "Werewolf Moderator" */ = {
			isa = XCConfigurationList;
			buildConfigurations = (
				47B4C11B1A13E25900D30338 /* Debug */,
				47B4C11C1A13E25900D30338 /* Release */,
			);
			defaultConfigurationIsVisible = 0;
			defaultConfigurationName = Release;
		};
		47B4C11D1A13E25900D30338 /* Build configuration list for PBXNativeTarget "Werewolf ModeratorTests" */ = {
			isa = XCConfigurationList;
			buildConfigurations = (
				47B4C11E1A13E25900D30338 /* Debug */,
				47B4C11F1A13E25900D30338 /* Release */,
			);
			defaultConfigurationIsVisible = 0;
			defaultConfigurationName = Release;
		};
/* End XCConfigurationList section */
	};
	rootObject = 47B4C0EC1A13E25900D30338 /* Project object */;
}
